
Microsoft Visual Studio Solution File, Format Version 12.00
# Visual Studio Version 17
VisualStudioVersion = 17.5.002.0
MinimumVisualStudioVersion = 10.0.40219.1
Project("{2150E333-8FDC-42A3-9474-1A3956D46DE8}") = "Lesson_1", "Lesson_1", "{9F2C2453-5AB0-4E02-BDF6-08AA00D9FFC7}"
EndProject
Project("{9A19103F-16F7-4668-BE54-9A1E7A4F7556}") = "Task1", "Lesson_1\Task1\Task1.csproj", "{41E75A17-9210-49AC-BC23-08EC14C27851}"
EndProject
Global
	GlobalSection(SolutionConfigurationPlatforms) = preSolution
		Debug|Any CPU = Debug|Any CPU
		Release|Any CPU = Release|Any CPU
	EndGlobalSection
	GlobalSection(ProjectConfigurationPlatforms) = postSolution
		{41E75A17-9210-49AC-BC23-08EC14C27851}.Debug|Any CPU.ActiveCfg = Debug|Any CPU
		{41E75A17-9210-49AC-BC23-08EC14C27851}.Debug|Any CPU.Build.0 = Debug|Any CPU
		{41E75A17-9210-49AC-BC23-08EC14C27851}.Release|Any CPU.ActiveCfg = Release|Any CPU
		{41E75A17-9210-49AC-BC23-08EC14C27851}.Release|Any CPU.Build.0 = Release|Any CPU
	EndGlobalSection
	GlobalSection(SolutionProperties) = preSolution
		HideSolutionNode = FALSE
	EndGlobalSection
	GlobalSection(NestedProjects) = preSolution
		{41E75A17-9210-49AC-BC23-08EC14C27851} = {9F2C2453-5AB0-4E02-BDF6-08AA00D9FFC7}
	EndGlobalSection
	GlobalSection(ExtensibilityGlobals) = postSolution
		SolutionGuid = {90FDB638-C369-448A-9E78-F12BE5392054}
	EndGlobalSection
EndGlobal
